
Microsoft Visual Studio Solution File, Format Version 12.00
# Visual Studio Version 17
VisualStudioVersion = 17.12.35707.178
MinimumVisualStudioVersion = 10.0.40219.1
Project("{FAE04EC0-301F-11D3-BF4B-00C04F79EFBC}") = "CodeGenerationPlayground", "CodeGenerationPlayground\CodeGenerationPlayground.csproj", "{59E82DA7-2E78-432F-A852-A3EC062287BF}"
EndProject
Project("{FAE04EC0-301F-11D3-BF4B-00C04F79EFBC}") = "CodeGenerationPlayground.Consumer", "CodeGenerationPlayground.Consumer\CodeGenerationPlayground.Consumer.csproj", "{6E77BE0B-DC83-4E26-BDA6-870391AE2C1A}"
	ProjectSection(ProjectDependencies) = postProject
		{59E82DA7-2E78-432F-A852-A3EC062287BF} = {59E82DA7-2E78-432F-A852-A3EC062287BF}
	EndProjectSection
EndProject
Project("{FAE04EC0-301F-11D3-BF4B-00C04F79EFBC}") = "CodeGenerationPlayground.Tests", "CodeGenerationPlayground.Tests\CodeGenerationPlayground.Tests.csproj", "{AFD925C2-01D9-43C3-A3BD-E8EBFA203EF6}"
EndProject
Project("{FAE04EC0-301F-11D3-BF4B-00C04F79EFBC}") = "CodeGenerationPlayground.Generators", "CodeGenerationPlayground.Generators\CodeGenerationPlayground.Generators.csproj", "{8D853098-508A-481E-83D0-068449F541C5}"
EndProject
Project("{FAE04EC0-301F-11D3-BF4B-00C04F79EFBC}") = "CodeGenerationPlayground.Generators.Tests", "CodeGenerationPlayground.Generators.Tests\CodeGenerationPlayground.Generators.Tests.csproj", "{C2F28D11-188A-4A6D-8E80-DBA7107A6983}"
EndProject
Global
	GlobalSection(SolutionConfigurationPlatforms) = preSolution
		Debug|Any CPU = Debug|Any CPU
		Release|Any CPU = Release|Any CPU
	EndGlobalSection
	GlobalSection(ProjectConfigurationPlatforms) = postSolution
		{59E82DA7-2E78-432F-A852-A3EC062287BF}.Debug|Any CPU.ActiveCfg = Debug|Any CPU
		{59E82DA7-2E78-432F-A852-A3EC062287BF}.Debug|Any CPU.Build.0 = Debug|Any CPU
		{59E82DA7-2E78-432F-A852-A3EC062287BF}.Release|Any CPU.ActiveCfg = Release|Any CPU
		{59E82DA7-2E78-432F-A852-A3EC062287BF}.Release|Any CPU.Build.0 = Release|Any CPU
		{6E77BE0B-DC83-4E26-BDA6-870391AE2C1A}.Debug|Any CPU.ActiveCfg = Debug|Any CPU
		{6E77BE0B-DC83-4E26-BDA6-870391AE2C1A}.Debug|Any CPU.Build.0 = Debug|Any CPU
		{6E77BE0B-DC83-4E26-BDA6-870391AE2C1A}.Release|Any CPU.ActiveCfg = Release|Any CPU
		{6E77BE0B-DC83-4E26-BDA6-870391AE2C1A}.Release|Any CPU.Build.0 = Release|Any CPU
		{AFD925C2-01D9-43C3-A3BD-E8EBFA203EF6}.Debug|Any CPU.ActiveCfg = Debug|Any CPU
		{AFD925C2-01D9-43C3-A3BD-E8EBFA203EF6}.Debug|Any CPU.Build.0 = Debug|Any CPU
		{AFD925C2-01D9-43C3-A3BD-E8EBFA203EF6}.Release|Any CPU.ActiveCfg = Release|Any CPU
		{AFD925C2-01D9-43C3-A3BD-E8EBFA203EF6}.Release|Any CPU.Build.0 = Release|Any CPU
		{8D853098-508A-481E-83D0-068449F541C5}.Debug|Any CPU.ActiveCfg = Debug|Any CPU
		{8D853098-508A-481E-83D0-068449F541C5}.Debug|Any CPU.Build.0 = Debug|Any CPU
		{8D853098-508A-481E-83D0-068449F541C5}.Release|Any CPU.ActiveCfg = Release|Any CPU
		{8D853098-508A-481E-83D0-068449F541C5}.Release|Any CPU.Build.0 = Release|Any CPU
		{C2F28D11-188A-4A6D-8E80-DBA7107A6983}.Debug|Any CPU.ActiveCfg = Debug|Any CPU
		{C2F28D11-188A-4A6D-8E80-DBA7107A6983}.Debug|Any CPU.Build.0 = Debug|Any CPU
		{C2F28D11-188A-4A6D-8E80-DBA7107A6983}.Release|Any CPU.ActiveCfg = Release|Any CPU
		{C2F28D11-188A-4A6D-8E80-DBA7107A6983}.Release|Any CPU.Build.0 = Release|Any CPU
	EndGlobalSection
	GlobalSection(SolutionProperties) = preSolution
		HideSolutionNode = FALSE
	EndGlobalSection
EndGlobal
